{
  "version": 1,
  "dependencies": {
    "net10.0": {
      "System.Security.Cryptography.Pkcs": {
        "type": "Direct",
        "requested": "[10.0.8, )",
        "resolved": "10.0.8",
        "contentHash": "2wOycCqMyg9Tu+SDP03FFwDEWBni/3xOKgt0bRXplOvyeIcUJmWO7m3gTCF2mIdtQLROLtOP5VwWRT8YBwP/bA=="
      }
    }
  }
}